Microsoft Visual Studio Solution File, Format Version 11.00
# Visual Studio 2008

Project("{9A653461-80AB-6E7F-9A30-98925AB3D70F}") = "Block Keeper", "Assembly-CSharp.csproj", "{936D2190-FE9B-A47A-3720-326C20197208}"
EndProject
Project("{9A653461-80AB-6E7F-9A30-98925AB3D70F}") = "Block Keeper", "Assembly-CSharp-Editor.csproj", "{D22BEFAF-57CB-7106-7773-BAB85E7FF58B}"
EndProject
Global
	GlobalSection(SolutionConfigurationPlatforms) = preSolution
		Debug|Any CPU = Debug|Any CPU
		Release|Any CPU = Release|Any CPU
	EndGlobalSection
	GlobalSection(ProjectConfigurationPlatforms) = postSolution
		{936D2190-FE9B-A47A-3720-326C20197208}.Debug|Any CPU.ActiveCfg = Debug|Any CPU
		{936D2190-FE9B-A47A-3720-326C20197208}.Debug|Any CPU.Build.0 = Debug|Any CPU
		{936D2190-FE9B-A47A-3720-326C20197208}.Release|Any CPU.ActiveCfg = Release|Any CPU
		{936D2190-FE9B-A47A-3720-326C20197208}.Release|Any CPU.Build.0 = Release|Any CPU
		{D22BEFAF-57CB-7106-7773-BAB85E7FF58B}.Debug|Any CPU.ActiveCfg = Debug|Any CPU
		{D22BEFAF-57CB-7106-7773-BAB85E7FF58B}.Debug|Any CPU.Build.0 = Debug|Any CPU
		{D22BEFAF-57CB-7106-7773-BAB85E7FF58B}.Release|Any CPU.ActiveCfg = Release|Any CPU
		{D22BEFAF-57CB-7106-7773-BAB85E7FF58B}.Release|Any CPU.Build.0 = Release|Any CPU
	EndGlobalSection
	GlobalSection(SolutionProperties) = preSolution
		HideSolutionNode = FALSE
	EndGlobalSection
	GlobalSection(MonoDevelopProperties) = preSolution
		StartupItem = Assembly-CSharp.csproj
	EndGlobalSection
EndGlobal
